
Microsoft Visual Studio Solution File, Format Version 12.00
# Visual Studio Version 17
VisualStudioVersion = 17.11.35312.102
MinimumVisualStudioVersion = 10.0.40219.1
Project("{FAE04EC0-301F-11D3-BF4B-00C04F79EFBC}") = "ClinicaMVC", "ClinicaMVC\ClinicaMVC.csproj", "{B573816F-2573-403D-9C4D-907AD8292280}"
EndProject
Project("{FAE04EC0-301F-11D3-BF4B-00C04F79EFBC}") = "Actividad", "Actividad_Medico\Actividad.csproj", "{1E12120D-751F-48F7-B185-2A542037E2B2}"
EndProject
Project("{FAE04EC0-301F-11D3-BF4B-00C04F79EFBC}") = "Entidad", "Entitad_Medico\Entidad.csproj", "{AFBE0616-EF60-43AD-984C-F7DEE98DE5B6}"
EndProject
Project("{FAE04EC0-301F-11D3-BF4B-00C04F79EFBC}") = "Persistencia", "Persistencia\Persistencia.csproj", "{206178EA-740A-47FE-9F41-943718990195}"
EndProject
Project("{FAE04EC0-301F-11D3-BF4B-00C04F79EFBC}") = "Interfaces", "Interfaces\Interfaces.csproj", "{FA62BA6A-0CAF-4510-ADC4-49E6661C5114}"
EndProject
Global
	GlobalSection(SolutionConfigurationPlatforms) = preSolution
		Debug|Any CPU = Debug|Any CPU
		Release|Any CPU = Release|Any CPU
	EndGlobalSection
	GlobalSection(ProjectConfigurationPlatforms) = postSolution
		{B573816F-2573-403D-9C4D-907AD8292280}.Debug|Any CPU.ActiveCfg = Debug|Any CPU
		{B573816F-2573-403D-9C4D-907AD8292280}.Debug|Any CPU.Build.0 = Debug|Any CPU
		{B573816F-2573-403D-9C4D-907AD8292280}.Release|Any CPU.ActiveCfg = Release|Any CPU
		{B573816F-2573-403D-9C4D-907AD8292280}.Release|Any CPU.Build.0 = Release|Any CPU
		{1E12120D-751F-48F7-B185-2A542037E2B2}.Debug|Any CPU.ActiveCfg = Debug|Any CPU
		{1E12120D-751F-48F7-B185-2A542037E2B2}.Debug|Any CPU.Build.0 = Debug|Any CPU
		{1E12120D-751F-48F7-B185-2A542037E2B2}.Release|Any CPU.ActiveCfg = Release|Any CPU
		{1E12120D-751F-48F7-B185-2A542037E2B2}.Release|Any CPU.Build.0 = Release|Any CPU
		{AFBE0616-EF60-43AD-984C-F7DEE98DE5B6}.Debug|Any CPU.ActiveCfg = Debug|Any CPU
		{AFBE0616-EF60-43AD-984C-F7DEE98DE5B6}.Debug|Any CPU.Build.0 = Debug|Any CPU
		{AFBE0616-EF60-43AD-984C-F7DEE98DE5B6}.Release|Any CPU.ActiveCfg = Release|Any CPU
		{AFBE0616-EF60-43AD-984C-F7DEE98DE5B6}.Release|Any CPU.Build.0 = Release|Any CPU
		{206178EA-740A-47FE-9F41-943718990195}.Debug|Any CPU.ActiveCfg = Debug|Any CPU
		{206178EA-740A-47FE-9F41-943718990195}.Debug|Any CPU.Build.0 = Debug|Any CPU
		{206178EA-740A-47FE-9F41-943718990195}.Release|Any CPU.ActiveCfg = Release|Any CPU
		{206178EA-740A-47FE-9F41-943718990195}.Release|Any CPU.Build.0 = Release|Any CPU
		{FA62BA6A-0CAF-4510-ADC4-49E6661C5114}.Debug|Any CPU.ActiveCfg = Debug|Any CPU
		{FA62BA6A-0CAF-4510-ADC4-49E6661C5114}.Debug|Any CPU.Build.0 = Debug|Any CPU
		{FA62BA6A-0CAF-4510-ADC4-49E6661C5114}.Release|Any CPU.ActiveCfg = Release|Any CPU
		{FA62BA6A-0CAF-4510-ADC4-49E6661C5114}.Release|Any CPU.Build.0 = Release|Any CPU
	EndGlobalSection
	GlobalSection(SolutionProperties) = preSolution
		HideSolutionNode = FALSE
	EndGlobalSection
	GlobalSection(ExtensibilityGlobals) = postSolution
		SolutionGuid = {56E7A3C7-5619-4EDF-8E1B-D21FC8934FE4}
	EndGlobalSection
EndGlobal
